
Microsoft Visual Studio Solution File, Format Version 12.00
# Visual Studio Version 16
VisualStudioVersion = 16.0.31105.61
MinimumVisualStudioVersion = 10.0.40219.1
Project("{FAE04EC0-301F-11D3-BF4B-00C04F79EFBC}") = "Joey Gheller 4CII  Project Work Gestione Libreria", "Joey Gheller 4CII  Project Work Gestione Libreria\Joey Gheller 4CII  Project Work Gestione Libreria.csproj", "{518A692D-FEBC-46C0-A9E2-47951442FE49}"
EndProject
Global
	GlobalSection(SolutionConfigurationPlatforms) = preSolution
		Debug|Any CPU = Debug|Any CPU
		Release|Any CPU = Release|Any CPU
	EndGlobalSection
	GlobalSection(ProjectConfigurationPlatforms) = postSolution
		{518A692D-FEBC-46C0-A9E2-47951442FE49}.Debug|Any CPU.ActiveCfg = Debug|Any CPU
		{518A692D-FEBC-46C0-A9E2-47951442FE49}.Debug|Any CPU.Build.0 = Debug|Any CPU
		{518A692D-FEBC-46C0-A9E2-47951442FE49}.Release|Any CPU.ActiveCfg = Release|Any CPU
		{518A692D-FEBC-46C0-A9E2-47951442FE49}.Release|Any CPU.Build.0 = Release|Any CPU
	EndGlobalSection
	GlobalSection(SolutionProperties) = preSolution
		HideSolutionNode = FALSE
	EndGlobalSection
	GlobalSection(ExtensibilityGlobals) = postSolution
		SolutionGuid = {EE04F584-26F0-4573-8585-38A5545F0D86}
	EndGlobalSection
EndGlobal
